lockfileVersion: 5.4

specifiers:
  '@types/node': ^18.0.0
  '@types/react': ^18.0.14
  next: 12.2.5-canary.1
  react: ^18.2.0
  react-dom: ^18.2.0
  typescript: ^4.7.4

dependencies:
  next: 12.2.5-canary.1_biqbaboplfbrettd7655fr4n2y
  react: 18.2.0
  react-dom: 18.2.0_react@18.2.0

devDependencies:
  '@types/node': 18.6.3
  '@types/react': 18.0.15
  typescript: 4.7.4

packages:

  /@next/env/12.2.5-canary.1:
    resolution: {integrity: sha512-6HngGBafvVdBzTwz3nFPpcpLqpoeQ7rjo3vPtc8+0PduylijHpMwvyaNqYg6tYnbHkRlPADQr+CBVySl+ZjMuQ==}
    dev: false

  /@next/swc-android-arm-eabi/12.2.5-canary.1:
    resolution: {integrity: sha512-wh2je5DARiS1Nq+JwnQhbuI6UDtXkJMURy6jITA6BaRv0/96prGEvENClAWDHlruBVyy2yqekmjcHe3Iwopvag==}
    engines: {node: '>= 10'}
    cpu: [arm]
    os: [android]
    requiresBuild: true
    dev: false
    optional: true

  /@next/swc-android-arm64/12.2.5-canary.1:
    resolution: {integrity: sha512-Lur/9AmmXqDPYjykEQFeG9H4iLkGiLvOIQ23QedSYfmLnPZPQ5qr/yz+jgrvUctkIM38yOMNJyHHZwvKGYtDQA==}
    engines: {node: '>= 10'}
    cpu: [arm64]
    os: [android]
    requiresBuild: true
    dev: false
    optional: true

  /@next/swc-darwin-arm64/12.2.5-canary.1:
    resolution: {integrity: sha512-hhTY8ghFoS1vsvwXaXzbLp7o+2AZ3ckyBC02VN62CB8OtLeiltXdAoTCr6E66uOEbljrRVfPkcglrYmO2goOrA==}
    engines: {node: '>= 10'}
    cpu: [arm64]
    os: [darwin]
    requiresBuild: true
    dev: false
    optional: true

  /@next/swc-darwin-x64/12.2.5-canary.1:
    resolution: {integrity: sha512-qoHG2wghrcDkjOboIjuj3HgQ6jYg4IoyI7vlFLf0rHTygjXnZwXME5L0Hnkz4lrK/lp5o9APmdWDq79jKcubkQ==}
    engines: {node: '>= 10'}
    cpu: [x64]
    os: [darwin]
    requiresBuild: true
    dev: false
    optional: true

  /@next/swc-freebsd-x64/12.2.5-canary.1:
    resolution: {integrity: sha512-ipswtc+MAD9UlnsjkwRtaPh4AA1R0b/UWsQ3wEPZaJ3BNf03DeyF3O5kT8ODTyU6sDVFwNkjaLQ7C/29o5++hQ==}
    engines: {node: '>= 10'}
    cpu: [x64]
    os: [freebsd]
    requiresBuild: true
    dev: false
    optional: true

  /@next/swc-linux-arm-gnueabihf/12.2.5-canary.1:
    resolution: {integrity: sha512-0iRrE1lkFSf6mm8/bYTfHs4m6JAd0/zZYOluwh8dkpafjjOjmD7PjhX/uP5HUF3u5dYeyq9GTe+PvkQ2RqdoJw==}
    engines: {node: '>= 10'}
    cpu: [arm]
    os: [linux]
    requiresBuild: true
    dev: false
    optional: true

  /@next/swc-linux-arm64-gnu/12.2.5-canary.1:
    resolution: {integrity: sha512-IFiPqW8QE0dUKKpMMulbkzxjLX9xwhAIsbI4e+/yQZDT7icgl59986P2lC9MsMjXDN4MkAAK2qzOEoJ6iEl4Nw==}
    engines: {node: '>= 10'}
    cpu: [arm64]
    os: [linux]
    requiresBuild: true
    dev: false
    optional: true

  /@next/swc-linux-arm64-musl/12.2.5-canary.1:
    resolution: {integrity: sha512-y86Lu9g36tnlSgpXx/ypix9CaL2tznjptibdcUbtmbiyzMbop4F8lb2F3jXCIlIET568AXhy8euiDOMB4HK+/w==}
    engines: {node: '>= 10'}
    cpu: [arm64]
    os: [linux]
    requiresBuild: true
    dev: false
    optional: true

  /@next/swc-linux-x64-gnu/12.2.5-canary.1:
    resolution: {integrity: sha512-hHe7AkbkVuiI1ZYL3M1A+ConKdoV7OXQWgTxuIP3EcEhgFq41g/1vqiLGTsSb1QY6tf4zo1VqWBUNcFiSrfcvQ==}
    engines: {node: '>= 10'}
    cpu: [x64]
    os: [linux]
    requiresBuild: true
    dev: false
    optional: true

  /@next/swc-linux-x64-musl/12.2.5-canary.1:
    resolution: {integrity: sha512-cSOwEBc5KS8BcUwpX+2ChlMvXza7seeCghWjvJTJCzsXj6jtnUExzVis7B++MfswYOYrOft6z82EwYckSgcGIA==}
    engines: {node: '>= 10'}
    cpu: [x64]
    os: [linux]
    requiresBuild: true
    dev: false
    optional: true

  /@next/swc-win32-arm64-msvc/12.2.5-canary.1:
    resolution: {integrity: sha512-gvZFyLlLV62YlLGa4Z3KsuZXV38MOephIx6+PvKb/yxF0vrm//KtWxjo0N/WPPnPcZEju70Lr9wN9mo9w+MmDA==}
    engines: {node: '>= 10'}
    cpu: [arm64]
    os: [win32]
    requiresBuild: true
    dev: false
    optional: true

  /@next/swc-win32-ia32-msvc/12.2.5-canary.1:
    resolution: {integrity: sha512-XjsA6KUCBjc48uPji9VvRIXvk32YRNozN1HBxCkc2/oOj9cD29cgREmgACJPUqRIm9lttgZofONRhUy6iFbb2w==}
    engines: {node: '>= 10'}
    cpu: [ia32]
    os: [win32]
    requiresBuild: true
    dev: false
    optional: true

  /@next/swc-win32-x64-msvc/12.2.5-canary.1:
    resolution: {integrity: sha512-i7G/8UI0kiIG41AoAmgx2z0WhtwHe8tXeLMEzKmi5OAEWtB6uxRuR7lzDFp9BtxR+37OVdniXYT4wluECjNTPw==}
    engines: {node: '>= 10'}
    cpu: [x64]
    os: [win32]
    requiresBuild: true
    dev: false
    optional: true

  /@swc/helpers/0.4.3:
    resolution: {integrity: sha512-6JrF+fdUK2zbGpJIlN7G3v966PQjyx/dPt1T9km2wj+EUBqgrxCk3uX4Kct16MIm9gGxfKRcfax2hVf5jvlTzA==}
    dependencies:
      tslib: 2.4.0
    dev: false

  /@types/node/18.6.3:
    resolution: {integrity: sha512-6qKpDtoaYLM+5+AFChLhHermMQxc3TOEFIDzrZLPRGHPrLEwqFkkT5Kx3ju05g6X7uDPazz3jHbKPX0KzCjntg==}
    dev: true

  /@types/prop-types/15.7.5:
    resolution: {integrity: sha512-JCB8C6SnDoQf0cNycqd/35A7MjcnK+ZTqE7judS6o7utxUCg6imJg3QK2qzHKszlTjcj2cn+NwMB2i96ubpj7w==}
    dev: true

  /@types/react/18.0.15:
    resolution: {integrity: sha512-iz3BtLuIYH1uWdsv6wXYdhozhqj20oD4/Hk2DNXIn1kFsmp9x8d9QB6FnPhfkbhd2PgEONt9Q1x/ebkwjfFLow==}
    dependencies:
      '@types/prop-types': 15.7.5
      '@types/scheduler': 0.16.2
      csstype: 3.1.0
    dev: true

  /@types/scheduler/0.16.2:
    resolution: {integrity: sha512-hppQEBDmlwhFAXKJX2KnWLYu5yMfi91yazPb2l+lbJiwW+wdo1gNeRA+3RgNSO39WYX2euey41KEwnqesU2Jew==}
    dev: true

  /caniuse-lite/1.0.30001374:
    resolution: {integrity: sha512-mWvzatRx3w+j5wx/mpFN5v5twlPrabG8NqX2c6e45LCpymdoGqNvRkRutFUqpRTXKFQFNQJasvK0YT7suW6/Hw==}
    dev: false

  /csstype/3.1.0:
    resolution: {integrity: sha512-uX1KG+x9h5hIJsaKR9xHUeUraxf8IODOwq9JLNPq6BwB04a/xgpq3rcx47l5BZu5zBPlgD342tdke3Hom/nJRA==}
    dev: true

  /js-tokens/4.0.0:
    resolution: {integrity: sha512-RdJUflcE3cUzKiMqQgsCu06FPu9UdIJO0beYbPhHN4k6apgJtifcoCtT9bcxOpYBtpD2kCM6Sbzg4CausW/PKQ==}
    dev: false

  /loose-envify/1.4.0:
    resolution: {integrity: sha512-lyuxPGr/Wfhrlem2CL/UcnUc1zcqKAImBDzukY7Y5F/yQiNdko6+fRLevlw1HgMySw7f611UIY408EtxRSoK3Q==}
    hasBin: true
    dependencies:
      js-tokens: 4.0.0
    dev: false

  /nanoid/3.3.4:
    resolution: {integrity: sha512-MqBkQh/OHTS2egovRtLk45wEyNXwF+cokD+1YPf9u5VfJiRdAiRwB2froX5Co9Rh20xs4siNPm8naNotSD6RBw==}
    engines: {node: ^10 || ^12 || ^13.7 || ^14 || >=15.0.1}
    hasBin: true
    dev: false

  /next/12.2.5-canary.1_biqbaboplfbrettd7655fr4n2y:
    resolution: {integrity: sha512-KTlTCYseBKjhzA7HiXzN6JahgOKuHDynhwZy3MG6CyQR8xUL2WRu3OSc43v0mQ9ezKnE7g4D8Tq1/JRlFCnQsg==}
    engines: {node: '>=12.22.0'}
    hasBin: true
    peerDependencies:
      fibers: '>= 3.1.0'
      node-sass: ^6.0.0 || ^7.0.0
      react: ^17.0.2 || ^18.0.0-0
      react-dom: ^17.0.2 || ^18.0.0-0
      sass: ^1.3.0
    peerDependenciesMeta:
      fibers:
        optional: true
      node-sass:
        optional: true
      sass:
        optional: true
    dependencies:
      '@next/env': 12.2.5-canary.1
      '@swc/helpers': 0.4.3
      caniuse-lite: 1.0.30001374
      postcss: 8.4.14
      react: 18.2.0
      react-dom: 18.2.0_react@18.2.0
      use-sync-external-store: 1.2.0_react@18.2.0
    optionalDependencies:
      '@next/swc-android-arm-eabi': 12.2.5-canary.1
      '@next/swc-android-arm64': 12.2.5-canary.1
      '@next/swc-darwin-arm64': 12.2.5-canary.1
      '@next/swc-darwin-x64': 12.2.5-canary.1
      '@next/swc-freebsd-x64': 12.2.5-canary.1
      '@next/swc-linux-arm-gnueabihf': 12.2.5-canary.1
      '@next/swc-linux-arm64-gnu': 12.2.5-canary.1
      '@next/swc-linux-arm64-musl': 12.2.5-canary.1
      '@next/swc-linux-x64-gnu': 12.2.5-canary.1
      '@next/swc-linux-x64-musl': 12.2.5-canary.1
      '@next/swc-win32-arm64-msvc': 12.2.5-canary.1
      '@next/swc-win32-ia32-msvc': 12.2.5-canary.1
      '@next/swc-win32-x64-msvc': 12.2.5-canary.1
    dev: false

  /picocolors/1.0.0:
    resolution: {integrity: sha512-1fygroTLlHu66zi26VoTDv8yRgm0Fccecssto+MhsZ0D/DGW2sm8E8AjW7NU5VVTRt5GxbeZ5qBuJr+HyLYkjQ==}
    dev: false

  /postcss/8.4.14:
    resolution: {integrity: sha512-E398TUmfAYFPBSdzgeieK2Y1+1cpdxJx8yXbK/m57nRhKSmk1GB2tO4lbLBtlkfPQTDKfe4Xqv1ASWPpayPEig==}
    engines: {node: ^10 || ^12 || >=14}
    dependencies:
      nanoid: 3.3.4
      picocolors: 1.0.0
      source-map-js: 1.0.2
    dev: false

  /react-dom/18.2.0_react@18.2.0:
    resolution: {integrity: sha512-6IMTriUmvsjHUjNtEDudZfuDQUoWXVxKHhlEGSk81n4YFS+r/Kl99wXiwlVXtPBtJenozv2P+hxDsw9eA7Xo6g==}
    peerDependencies:
      react: ^18.2.0
    dependencies:
      loose-envify: 1.4.0
      react: 18.2.0
      scheduler: 0.23.0
    dev: false

  /react/18.2.0:
    resolution: {integrity: sha512-/3IjMdb2L9QbBdWiW5e3P2/npwMBaU9mHCSCUzNln0ZCYbcfTsGbTJrU/kGemdH2IWmB2ioZ+zkxtmq6g09fGQ==}
    engines: {node: '>=0.10.0'}
    dependencies:
      loose-envify: 1.4.0
    dev: false

  /scheduler/0.23.0:
    resolution: {integrity: sha512-CtuThmgHNg7zIZWAXi3AsyIzA3n4xx7aNyjwC2VJldO2LMVDhFK+63xGqq6CsJH4rTAt6/M+N4GhZiDYPx9eUw==}
    dependencies:
      loose-envify: 1.4.0
    dev: false

  /source-map-js/1.0.2:
    resolution: {integrity: sha512-R0XvVJ9WusLiqTCEiGCmICCMplcCkIwwR11mOSD9CR5u+IXYdiseeEuXCVAjS54zqwkLcPNnmU4OeJ6tUrWhDw==}
    engines: {node: '>=0.10.0'}
    dev: false

  /tslib/2.4.0:
    resolution: {integrity: sha512-d6xOpEDfsi2CZVlPQzGeux8XMwLT9hssAsaPYExaQMuYskwb+x1x7J371tWlbBdWHroy99KnVB6qIkUbs5X3UQ==}
    dev: false

  /typescript/4.7.4:
    resolution: {integrity: sha512-C0WQT0gezHuw6AdY1M2jxUO83Rjf0HP7Sk1DtXj6j1EwkQNZrHAg2XPWlq62oqEhYvONq5pkC2Y9oPljWToLmQ==}
    engines: {node: '>=4.2.0'}
    hasBin: true
    dev: true

  /use-sync-external-store/1.2.0_react@18.2.0:
    resolution: {integrity: sha512-eEgnFxGQ1Ife9bzYs6VLi8/4X6CObHMw9Qr9tPY43iKwsPw8xE8+EFsf/2cFZ5S3esXgpWgtSCtLNS41F+sKPA==}
    peerDependencies:
      react: ^16.8.0 || ^17.0.0 || ^18.0.0
    dependencies:
      react: 18.2.0
    dev: false
